<Solution>
  <Folder Name="/Solution Items/">
    <File Path=".dockerignore" />
    <File Path=".editorconfig" />
    <File Path=".gitattributes" />
    <File Path=".github/workflows/ci.yml" />
    <File Path=".gitignore" />
    <File Path="AGENTS.md" />
    <File Path="Directory.Build.props" />
    <File Path="Directory.Build.targets" />
    <File Path="Directory.Packages.props" />
    <File Path="global.json" />
    <File Path="LICENSE" />
    <File Path="README.md" />
  </Folder>
  <Folder Name="/src/">
    <Project Path="src/PANiXiDA.TelegramAlertGateway.Host/PANiXiDA.TelegramAlertGateway.Host.csproj" />
  </Folder>
  <Folder Name="/src/Module/">
    <Project Path="src/Module/PANiXiDA.TelegramAlertGateway.Notifications.Application/PANiXiDA.TelegramAlertGateway.Notifications.Application.csproj" />
    <Project Path="src/Module/PANiXiDA.TelegramAlertGateway.Notifications.Domain/PANiXiDA.TelegramAlertGateway.Notifications.Domain.csproj" />
    <Project Path="src/Module/PANiXiDA.TelegramAlertGateway.Notifications.Infrastructure/PANiXiDA.TelegramAlertGateway.Notifications.Infrastructure.csproj" />
    <Project Path="src/Module/PANiXiDA.TelegramAlertGateway.Notifications.Presentation/PANiXiDA.TelegramAlertGateway.Notifications.Presentation.csproj" />
  </Folder>
  <Folder Name="/tests/Module/">
    <Project Path="tests/Module/PANiXiDA.TelegramAlertGateway.Notifications.FunctionalTests/PANiXiDA.TelegramAlertGateway.Notifications.FunctionalTests.csproj" />
    <Project Path="tests/Module/PANiXiDA.TelegramAlertGateway.Notifications.IntegrationTests/PANiXiDA.TelegramAlertGateway.Notifications.IntegrationTests.csproj" />
    <Project Path="tests/Module/PANiXiDA.TelegramAlertGateway.Notifications.UnitTests/PANiXiDA.TelegramAlertGateway.Notifications.UnitTests.csproj" />
  </Folder>
  <Folder Name="/tests/">
    <Project Path="tests/PANiXiDA.TelegramAlertGateway.ArchitectureTests/PANiXiDA.TelegramAlertGateway.ArchitectureTests.csproj" />
    <Project Path="tests/PANiXiDA.TelegramAlertGateway.Testing/PANiXiDA.TelegramAlertGateway.Testing.csproj" />
  </Folder>
  <Folder Name="/tools/">
    <Project Path="tools/PANiXiDA.TelegramAlertGateway.Ef.Migrator/PANiXiDA.TelegramAlertGateway.Ef.Migrator.csproj" />
  </Folder>
</Solution>
